
Microsoft Visual Studio Solution File, Format Version 12.00
# Visual Studio 15
VisualStudioVersion = 15.0.28307.1500
MinimumVisualStudioVersion = 10.0.40219.1
Project("{FAE04EC0-301F-11D3-BF4B-00C04F79EFBC}") = "ChatServer", "ChatServer\ChatServer.csproj", "{476AFBA6-15D3-4151-AEE3-F6D07EBCA80A}"
EndProject
Global
	GlobalSection(SolutionConfigurationPlatforms) = preSolution
		Debug|Any CPU = Debug|Any CPU
		Release|Any CPU = Release|Any CPU
	EndGlobalSection
	GlobalSection(ProjectConfigurationPlatforms) = postSolution
		{476AFBA6-15D3-4151-AEE3-F6D07EBCA80A}.Debug|Any CPU.ActiveCfg = Debug|Any CPU
		{476AFBA6-15D3-4151-AEE3-F6D07EBCA80A}.Debug|Any CPU.Build.0 = Debug|Any CPU
		{476AFBA6-15D3-4151-AEE3-F6D07EBCA80A}.Release|Any CPU.ActiveCfg = Release|Any CPU
		{476AFBA6-15D3-4151-AEE3-F6D07EBCA80A}.Release|Any CPU.Build.0 = Release|Any CPU
	EndGlobalSection
	GlobalSection(SolutionProperties) = preSolution
		HideSolutionNode = FALSE
	EndGlobalSection
	GlobalSection(ExtensibilityGlobals) = postSolution
		SolutionGuid = {F21F260E-FEE3-44A2-9C51-C0E57648480B}
	EndGlobalSection
EndGlobal
